github.com/gdamore/encoding v1.0.0/go.mod h1:alR0ol34c49FCSBLjhosxzcPHQbf2trDkoo5dl+VrEg=
github.com/gdamore/tcell v1.4.0/go.mod h1:vxEiSDZdW3L+Uhjii9c3375IlDmR05bzxY404ZVSMo0=
github.com/gregoryv/asserter v0.1.0/go.mod h1:iLD46IKZjjleTkmDikemRaDZQldDrq8uwTnygV/hC/M=
github.com/gregoryv/asserter v0.4.0/go.mod h1:WjMhNLh0zjyvgOQpWWx8Om0n7jlgMzTn7qgKhJeH8ew=
github.com/gregoryv/asserter v0.4.1-0.20201128093127-74b8bb2743ca/go.mod h1:z1mBb29IGWaSx97sT7+i5j+KCbl+kBth9mwmX56mrNU=
github.com/gregoryv/asserter v0.4.1/go.mod h1:0WJPXw6UYkoTQlbkm8fvRghp0CeOo7oliS5JTvnv6pM=
github.com/gregoryv/asserter v0.4.2 h1:uVAXr67ZnAKk6v8+vZc75DXGxE+P7AYCHvCsA7lIDS8=
github.com/gregoryv/asserter v0.4.2/go.mod h1:mJPm04j3XH8husxMfxiRd3m+5YBMZkd2UOKm5BixVXQ=
github.com/gregoryv/binext v0.2.0/go.mod h1:ZPF3/RFv8VOGEcHUSUJY1cv1L6aDfEcDPpVlV2BSH9I=
github.com/gregoryv/cmdline v0.6.1/go.mod h1:HMy8QMZfta+VoVCmU97HFm+UR5/Cj03n9uA+7sQyuJU=
github.com/gregoryv/cmdline v0.7.0/go.mod h1:HMy8QMZfta+VoVCmU97HFm+UR5/Cj03n9uA+7sQyuJU=
github.com/gregoryv/cmdline v0.12.0/go.mod h1:SlmgPqceskkvUcRo/kbyR3qrP0+uVTjiKHNooMSPO4A=
github.com/gregoryv/english v0.4.1/go.mod h1:5kcVzgVHvYWLxmJ/ymSmMhW30EHaP11iB5kWOx5FChw=
github.com/gregoryv/english v0.6.0/go.mod h1:F5O7gDq0yWDJUEOXuNv+ebChEjK7N9eBFHsxGyFui/0=
github.com/gregoryv/find v0.0.0-20180328085109-1bbc2d70c482/go.mod h1:/xxQlO62bzxhyabf2iKJzGJa+VAJy25spLI/6ICTrxU=
github.com/gregoryv/find v0.2.0/go.mod h1:ZxH/FkVt6VM//T7edeCqCc2dJRrLAtCYvtvdM6Hk398=
github.com/gregoryv/find v0.4.0/go.mod h1:vK3iyeKqam3wWLkC+nP98fp4a/b9vqS698kAnLZKgDI=
github.com/gregoryv/find v0.6.0 h1:oRenkpr8iCqM0PCBgOAkEwGmdG0u+8rmXy7GYqJnVQ0=
github.com/gregoryv/find v0.6.0/go.mod h1:4E7hkc/7ThvbUYUfrytVuuB8b1iR4QvIhApCwpoNNKQ=
github.com/gregoryv/gocyclo v0.0.0-20180305144948-0be7902fabdc/go.mod h1:x/QA8cT1gfn/XriQ/CVNX7I8IM4Z2YJAAEWFym2clZI=
github.com/gregoryv/gocyclo v0.1.0/go.mod h1:e1PwkEyshvXjhPGP0RUXqlEXx09aBSSNj0wL8I/P/3I=
github.com/gregoryv/gocyclo v0.1.1 h1:wRhY+jEiXtNqtxOSI1XfXmbRaRknzvVtO5QOSg5KVHo=
github.com/gregoryv/gocyclo v0.1.1/go.mod h1:e1PwkEyshvXjhPGP0RUXqlEXx09aBSSNj0wL8I/P/3I=
github.com/gregoryv/golden v0.6.1 h1:vZY0sBsmvIHu2SJdFc9C4WP6XNCPlUlRTEqEoVDA0qk=
github.com/gregoryv/golden v0.6.1/go.mod h1:Y4isDieWcbO/Wf7u1wBHAXF4KD0xfaix0W0sEkKY8HU=
github.com/gregoryv/must v0.1.0/go.mod h1:1HQ/4FuSFr52clBKUWSaibQTnZRKnWtbBZRxC5cii1A=
github.com/gregoryv/nexus v0.5.1/go.mod h1:DJ2Ia6WpPX26edFW6LCl+9nYyX2h6Ot/kyJ83J+SAL0=
github.com/gregoryv/nexus v0.6.0 h1:d53Ug7bIWyJqxKnd2c9n3qPpYunwglq9cmNNzNJewFY=
github.com/gregoryv/nexus v0.6.0/go.mod h1:DJ2Ia6WpPX26edFW6LCl+9nYyX2h6Ot/kyJ83J+SAL0=
github.com/gregoryv/qual v0.2.1/go.mod h1:5M5kejbZgxtswBGeoXC1yh4CP94W3FFv5o60BflBlnY=
github.com/gregoryv/qual v0.3.1/go.mod h1:dB0ZUMaE5qieQ975kKI7A4CDfg6wgcsPcSlY1SWuq9Y=
github.com/gregoryv/qual v0.4.0/go.mod h1:dB0ZUMaE5qieQ975kKI7A4CDfg6wgcsPcSlY1SWuq9Y=
github.com/gregoryv/qual v0.4.1/go.mod h1:CJpLjjOyVmCiu0xoLbgbitdk+T2hCCmGYPpHAW+mel4=
github.com/gregoryv/qual v0.4.2 h1:Pb8T2CRoAIYBKzwxCwfSxHyRNW20Mo8+kMtXQ8MOX5Q=
github.com/gregoryv/qual v0.4.2/go.mod h1:qi5L/TR4lnCuIFsOC2G8dtTOui6787/lFNquekcjxmQ=
github.com/gregoryv/web v0.21.0/go.mod h1:wAsePq4XiIuLmEOI9qNpgaK3rdXY3huHkwNGjUuvngw=
github.com/gregoryv/web v0.22.0/go.mod h1:ZNxc8oE709qkkeVZw377xfpsR/kgCu+TRIfRsF4hXEY=
github.com/gregoryv/web v0.24.0 h1:2A9cFAvTiRahGn60+IfpK2FFeHe0ulfQn8nBpimEB0E=
github.com/gregoryv/web v0.24.0/go.mod h1:UKNWM2GN5DJ9W7PYpyCKU5jcCsi7uim2UaT1XDeyeJE=
github.com/gregoryv/workdir v0.2.0/go.mod h1:qX7yFN0yqysNfEr2F5Tta9+5K8oueS/sqBmdiExBoYA=
github.com/lucasb-eyer/go-colorful v1.0.3/go.mod h1:R4dSotOR9KMtayYi1e77YzuveK+i7ruzyGqttikkLy0=
github.com/mattn/go-runewidth v0.0.7/go.mod h1:H031xJmbD/WCDINGzjvQ9THkh0rPKHF+m2gUSrubnMI=
github.com/mattn/go-runewidth v0.0.9/go.mod h1:H031xJmbD/WCDINGzjvQ9THkh0rPKHF+m2gUSrubnMI=
github.com/pmezard/go-difflib v1.0.0 h1:4DBwDE0NGyQoBHbLQYPwSUPoCMWR5BEzIk/f1lZbAQM=
github.com/pmezard/go-difflib v1.0.0/go.mod h1:iKH77koFhYxTK1pcRnkKkqfTogsbg7gZNVY4sRDYZ/4=
github.com/yuin/goldmark v1.4.13/go.mod h1:6yULJ656Px+3vBD8DxQVa3kxgyrAnzto9xy5taEt/CY=
golang.org/x/crypto v0.0.0-20190308221718-c2843e01d9a2/go.mod h1:djNgcEr1/C05ACkg1iLfiJU5Ep61QUkGW8qpdssI0+w=
golang.org/x/crypto v0.0.0-20210921155107-089bfa567519/go.mod h1:GvvjBRRGRdwPK5ydBHafDWAxML/pGHZbMvKqRZ5+Abc=
golang.org/x/mod v0.6.0-dev.0.20220419223038-86c51ed26bb4/go.mod h1:jJ57K6gSWd91VN4djpZkiMVwK6gcyfeH4XE8wZrZaV4=
golang.org/x/net v0.0.0-20190620200207-3b0461eec859/go.mod h1:z5CRVTTTmAJ677TzLLGU+0bjPO0LkuOLi4/5GtJWs/s=
golang.org/x/net v0.0.0-20210226172049-e18ecbb05110/go.mod h1:m0MpNAwzfU5UDzcl9v0D8zg8gWTRqZa9RBIspLL5mdg=
golang.org/x/net v0.0.0-20210917221730-978cfadd31cf/go.mod h1:9nx3DQGgdP8bBQD5qxJ1jj9UTztislL4KSBs9R2vV5Y=
golang.org/x/net v0.0.0-20211029224645-99673261e6eb/go.mod h1:9nx3DQGgdP8bBQD5qxJ1jj9UTztislL4KSBs9R2vV5Y=
golang.org/x/net v0.0.0-20211216030914-fe4d6282115f/go.mod h1:9nx3DQGgdP8bBQD5qxJ1jj9UTztislL4KSBs9R2vV5Y=
golang.org/x/net v0.0.0-20220722155237-a158d28d115b/go.mod h1:XRhObCWvk6IyKnWLug+ECip1KBveYUHfp+8e9klMJ9c=
golang.org/x/net v0.7.0 h1:rJrUqqhjsgNp7KqAIc25s9pZnjU7TUcSY7HcVZjdn1g=
golang.org/x/net v0.7.0/go.mod h1:2Tu9+aMcznHK/AK1HMvgo6xiTLG5rD5rZLDS+rp2Bjs=
golang.org/x/sync v0.0.0-20190423024810-112230192c58/go.mod h1:RxMgew5VJxzue5/jJTE5uejpjVlOe/izrB70Jof72aM=
golang.org/x/sync v0.0.0-20220722155255-886fb9371eb4/go.mod h1:RxMgew5VJxzue5/jJTE5uejpjVlOe/izrB70Jof72aM=
golang.org/x/sys v0.0.0-20190215142949-d0b11bdaac8a/go.mod h1:STP8DvDyc/dI5b8T5hshtkjS+E42TnysNCUPdjciGhY=
golang.org/x/sys v0.0.0-20190626150813-e07cf5db2756/go.mod h1:h1NjWce9XRLGQEsW7wpKNCjG9DtNlClVuFLEZdDNbEs=
golang.org/x/sys v0.0.0-20201119102817-f84b799fce68/go.mod h1:h1NjWce9XRLGQEsW7wpKNCjG9DtNlClVuFLEZdDNbEs=
golang.org/x/sys v0.0.0-20210423082822-04245dca01da/go.mod h1:h1NjWce9XRLGQEsW7wpKNCjG9DtNlClVuFLEZdDNbEs=
golang.org/x/sys v0.0.0-20210615035016-665e8c7367d1/go.mod h1:oPkhp1MJrh7nUepCBck5+mAzfO9JrbApNNgaTdGDITg=
golang.org/x/sys v0.0.0-20220520151302-bc2c85ada10a/go.mod h1:oPkhp1MJrh7nUepCBck5+mAzfO9JrbApNNgaTdGDITg=
golang.org/x/sys v0.0.0-20220722155257-8c9f86f7a55f/go.mod h1:oPkhp1MJrh7nUepCBck5+mAzfO9JrbApNNgaTdGDITg=
golang.org/x/sys v0.5.0/go.mod h1:oPkhp1MJrh7nUepCBck5+mAzfO9JrbApNNgaTdGDITg=
golang.org/x/term v0.0.0-20201126162022-7de9c90e9dd1/go.mod h1:bj7SfCRtBDWHUb9snDiAeCFNEtKQo2Wmx5Cou7ajbmo=
golang.org/x/term v0.0.0-20210927222741-03fcf44c2211/go.mod h1:jbD1KX2456YbFQfuXm/mYQcufACuNUgVhRMnK/tPxf8=
golang.org/x/term v0.5.0/go.mod h1:jMB1sMXY+tzblOD4FWmEbocvup2/aLOaQEp7JmGp78k=
golang.org/x/text v0.3.0/go.mod h1:NqM8EUOU14njkJ3fqMW+pc6Ldnwhi/IjpwHt7yyuwOQ=
golang.org/x/text v0.3.3/go.mod h1:5Zoc/QRtKVWzQhOtBMvqHzDpF6irO9z98xDceosuGiQ=
golang.org/x/text v0.3.6/go.mod h1:5Zoc/QRtKVWzQhOtBMvqHzDpF6irO9z98xDceosuGiQ=
golang.org/x/text v0.3.7/go.mod h1:u+2+/6zg+i71rQMx5EYifcz6MCKuco9NR6JIITiCfzQ=
golang.org/x/text v0.7.0/go.mod h1:mrYo+phRRbMaCq/xk9113O4dZlRixOauAjOtrjsXDZ8=
golang.org/x/tools v0.0.0-20180917221912-90fa682c2a6e/go.mod h1:n7NCudcB/nEzxVGmLbDWY5pfWTLqBcC2KZ6jyYvM4mQ=
golang.org/x/tools v0.0.0-20191119224855-298f0cb1881e/go.mod h1:b+2E5dAYhXwXZwtnZ6UAqBI28+e2cm9otk0dWdXHAEo=
golang.org/x/tools v0.1.12/go.mod h1:hNGJHUnrk76NpqgfD5Aqm5Crs+Hm0VOH/i9J2+nxYbc=
golang.org/x/xerrors v0.0.0-20190717185122-a985d3407aa7/go.mod h1:I/5z698sn9Ka8TeJc9MKroUUfqBBauWjQqLJ2OPfmY0=
